
Microsoft Visual Studio Solution File, Format Version 12.00
# Visual Studio 15
VisualStudioVersion = 15.0.27004.2005
MinimumVisualStudioVersion = 10.0.40219.1
Project("{FAE04EC0-301F-11D3-BF4B-00C04F79EFBC}") = "Plan_Bee_Server", "Plan_Bee_Server\Plan_Bee_Server.csproj", "{CE3E9970-5302-4CDF-84F2-73277657DABC}"
EndProject
Global
	GlobalSection(SolutionConfigurationPlatforms) = preSolution
		Debug|Any CPU = Debug|Any CPU
		Release|Any CPU = Release|Any CPU
	EndGlobalSection
	GlobalSection(ProjectConfigurationPlatforms) = postSolution
		{CE3E9970-5302-4CDF-84F2-73277657DABC}.Debug|Any CPU.ActiveCfg = Debug|Any CPU
		{CE3E9970-5302-4CDF-84F2-73277657DABC}.Debug|Any CPU.Build.0 = Debug|Any CPU
		{CE3E9970-5302-4CDF-84F2-73277657DABC}.Release|Any CPU.ActiveCfg = Release|Any CPU
		{CE3E9970-5302-4CDF-84F2-73277657DABC}.Release|Any CPU.Build.0 = Release|Any CPU
	EndGlobalSection
	GlobalSection(SolutionProperties) = preSolution
		HideSolutionNode = FALSE
	EndGlobalSection
	GlobalSection(ExtensibilityGlobals) = postSolution
		SolutionGuid = {EAF28AF9-78B8-4933-AD05-25239A6BBD64}
	EndGlobalSection
EndGlobal
